
Microsoft Visual Studio Solution File, Format Version 12.00
# Visual Studio Version 17
VisualStudioVersion = 17.9.34714.143
MinimumVisualStudioVersion = 10.0.40219.1
Project("{FAE04EC0-301F-11D3-BF4B-00C04F79EFBC}") = "TestMvc", "TestMvc\TestMvc.csproj", "{C6DEBEB4-177B-4782-BB4A-CA01E1862CD6}"
EndProject
Global
	GlobalSection(SolutionConfigurationPlatforms) = preSolution
		Debug|Any CPU = Debug|Any CPU
		Release|Any CPU = Release|Any CPU
	EndGlobalSection
	GlobalSection(ProjectConfigurationPlatforms) = postSolution
		{C6DEBEB4-177B-4782-BB4A-CA01E1862CD6}.Debug|Any CPU.ActiveCfg = Debug|Any CPU
		{C6DEBEB4-177B-4782-BB4A-CA01E1862CD6}.Debug|Any CPU.Build.0 = Debug|Any CPU
		{C6DEBEB4-177B-4782-BB4A-CA01E1862CD6}.Release|Any CPU.ActiveCfg = Release|Any CPU
		{C6DEBEB4-177B-4782-BB4A-CA01E1862CD6}.Release|Any CPU.Build.0 = Release|Any CPU
	EndGlobalSection
	GlobalSection(SolutionProperties) = preSolution
		HideSolutionNode = FALSE
	EndGlobalSection
	GlobalSection(ExtensibilityGlobals) = postSolution
		SolutionGuid = {03415897-9B78-4395-8E0E-E9F7477ED3E3}
	EndGlobalSection
EndGlobal
